// !$*UTF8*$!
{
	archiveVersion = 1;
	classes = {
	};
	objectVersion = 46;
	objects = {

/* Begin PBXBuildFile section */
		8981392F1CAF935F0098C728 /* iAd.framework in Frameworks */ = {isa = PBXBuildFile; fileRef = 8981392E1CAF935F0098C728 /* iAd.framework */; };
		898139321CAF942B0098C728 /* RecentViewController.swift in Sources */ = {isa = PBXBuildFile; fileRef = 898139301CAF942B0098C728 /* RecentViewController.swift */; };
		898139331CAF942B0098C728 /* SearchViewController.swift in Sources */ = {isa = PBXBuildFile; fileRef = 898139311CAF942B0098C728 /* SearchViewController.swift */; };
		898139371CAF961A0098C728 /* logo_image.png in Resources */ = {isa = PBXBuildFile; fileRef = 898139361CAF961A0098C728 /* logo_image.png */; };
		89ACACD71AD8D7E900AAF967 /* AppDelegate.swift in Sources */ = {isa = PBXBuildFile; fileRef = 89ACACD61AD8D7E900AAF967 /* AppDelegate.swift */; };
		89ACACDE1AD8D7E900AAF967 /* Main.storyboard in Resources */ = {isa = PBXBuildFile; fileRef = 89ACACDC1AD8D7E900AAF967 /* Main.storyboard */; };
		89ACACE01AD8D7E900AAF967 /* Images.xcassets in Resources */ = {isa = PBXBuildFile; fileRef = 89ACACDF1AD8D7E900AAF967 /* Images.xcassets */; };
		89ACACE31AD8D7E900AAF967 /* LaunchScreen.xib in Resources */ = {isa = PBXBuildFile; fileRef = 89ACACE11AD8D7E900AAF967 /* LaunchScreen.xib */; };
		89ACACEF1AD8D7E900AAF967 /* tdnetviewTests.swift in Sources */ = {isa = PBXBuildFile; fileRef = 89ACACEE1AD8D7E900AAF967 /* tdnetviewTests.swift */; };
		89BF9EC21CA282AB00126B8F /* SwiftyJSON.swift in Sources */ = {isa = PBXBuildFile; fileRef = 89BF9EC11CA282AB00126B8F /* SwiftyJSON.swift */; };
		89BF9EC31CA282AB00126B8F /* SwiftyJSON.swift in Sources */ = {isa = PBXBuildFile; fileRef = 89BF9EC11CA282AB00126B8F /* SwiftyJSON.swift */; };
		89C9D0741CA4A8AB00FD692B /* Regexp.swift in Sources */ = {isa = PBXBuildFile; fileRef = 89C9D0731CA4A8AB00FD692B /* Regexp.swift */; };
		89C9D0761CA4A8CF00FD692B /* TDnetRegx.swift in Sources */ = {isa = PBXBuildFile; fileRef = 89C9D0751CA4A8CF00FD692B /* TDnetRegx.swift */; };
		89C9D0781CA4A9A200FD692B /* CustomTableViewCell.swift in Sources */ = {isa = PBXBuildFile; fileRef = 89C9D0771CA4A9A200FD692B /* CustomTableViewCell.swift */; };
		89C9D07C1CA567B900FD692B /* HttpGetTask.swift in Sources */ = {isa = PBXBuildFile; fileRef = 89C9D07B1CA567B900FD692B /* HttpGetTask.swift */; };
		89C9D07E1CA61DBA00FD692B /* Mark.swift in Sources */ = {isa = PBXBuildFile; fileRef = 89C9D07D1CA61DBA00FD692B /* Mark.swift */; };
		89C9D0801CA6C49B00FD692B /* MarkViewController.swift in Sources */ = {isa = PBXBuildFile; fileRef = 89C9D07F1CA6C49B00FD692B /* MarkViewController.swift */; };
		89FB4E651CD4454F009B2B79 /* GoogleService-Info.plist in Resources */ = {isa = PBXBuildFile; fileRef = 89FB4E641CD4454F009B2B79 /* GoogleService-Info.plist */; };
		9F7D4787A907501F0A428401 /* libPods-tdnetview.a in Frameworks */ = {isa = PBXBuildFile; fileRef = AE5E1E0AB5FB603187406FB8 /* libPods-tdnetview.a */; };
/* End PBXBuildFile section */

/* Begin PBXContainerItemProxy section */
		89ACACE91AD8D7E900AAF967 /* PBXContainerItemProxy */ = {
			isa = PBXContainerItemProxy;
			containerPortal = 89ACACC91AD8D7E800AAF967 /* Project object */;
			proxyType = 1;
			remoteGlobalIDString = 89ACACD01AD8D7E900AAF967;
			remoteInfo = tdnetview;
		};
/* End PBXContainerItemProxy section */

/* Begin PBXFileReference section */
		05779E3FE49326E419E3F99D /* Pods-tdnetview.debug.xcconfig */ = {isa = PBXFileReference; includeInIndex = 1; lastKnownFileType = text.xcconfig; name = "Pods-tdnetview.debug.xcconfig"; path = "Pods/Target Support Files/Pods-tdnetview/Pods-tdnetview.debug.xcconfig"; sourceTree = "<group>"; };
		84FBCA881E54669794052DBA /* Pods-tdnetview.release.xcconfig */ = {isa = PBXFileReference; includeInIndex = 1; lastKnownFileType = text.xcconfig; name = "Pods-tdnetview.release.xcconfig"; path = "Pods/Target Support Files/Pods-tdnetview/Pods-tdnetview.release.xcconfig"; sourceTree = "<group>"; };
		8981392E1CAF935F0098C728 /* iAd.framework */ = {isa = PBXFileReference; lastKnownFileType = wrapper.framework; name = iAd.framework; path = System/Library/Frameworks/iAd.framework; sourceTree = SDKROOT; };
		898139301CAF942B0098C728 /* RecentViewController.swift */ = {isa = PBXFileReference; fileEncoding = 4; lastKnownFileType = sourcecode.swift; path = RecentViewController.swift; sourceTree = "<group>"; };
		898139311CAF942B0098C728 /* SearchViewController.swift */ = {isa = PBXFileReference; fileEncoding = 4; lastKnownFileType = sourcecode.swift; path = SearchViewController.swift; sourceTree = "<group>"; };
		898139361CAF961A0098C728 /* logo_image.png */ = {isa = PBXFileReference; lastKnownFileType = image.png; name = logo_image.png; path = Icon/logo_image.png; sourceTree = "<group>"; };
		89ACACD11AD8D7E900AAF967 /* tdnetview.app */ = {isa = PBXFileReference; explicitFileType = wrapper.application; includeInIndex = 0; path = tdnetview.app; sourceTree = BUILT_PRODUCTS_DIR; };
		89ACACD51AD8D7E900AAF967 /* Info.plist */ = {isa = PBXFileReference; lastKnownFileType = text.plist.xml; path = Info.plist; sourceTree = "<group>"; };
		89ACACD61AD8D7E900AAF967 /* AppDelegate.swift */ = {isa = PBXFileReference; lastKnownFileType = sourcecode.swift; path = AppDelegate.swift; sourceTree = "<group>"; };
		89ACACDD1AD8D7E900AAF967 /* Base */ = {isa = PBXFileReference; lastKnownFileType = file.storyboard; name = Base; path = Base.lproj/Main.storyboard; sourceTree = "<group>"; };
		89ACACDF1AD8D7E900AAF967 /* Images.xcassets */ = {isa = PBXFileReference; lastKnownFileType = folder.assetcatalog; path = Images.xcassets; sourceTree = "<group>"; };
		89ACACE21AD8D7E900AAF967 /* Base */ = {isa = PBXFileReference; lastKnownFileType = file.xib; name = Base; path = Base.lproj/LaunchScreen.xib; sourceTree = "<group>"; };
		89ACACE81AD8D7E900AAF967 /* tdnetviewTests.xctest */ = {isa = PBXFileReference; explicitFileType = wrapper.cfbundle; includeInIndex = 0; path = tdnetviewTests.xctest; sourceTree = BUILT_PRODUCTS_DIR; };
		89ACACED1AD8D7E900AAF967 /* Info.plist */ = {isa = PBXFileReference; lastKnownFileType = text.plist.xml; path = Info.plist; sourceTree = "<group>"; };
		89ACACEE1AD8D7E900AAF967 /* tdnetviewTests.swift */ = {isa = PBXFileReference; lastKnownFileType = sourcecode.swift; path = tdnetviewTests.swift; sourceTree = "<group>"; };
		89ACACF81AD8DD0B00AAF967 /* tdnetview.entitlements */ = {isa = PBXFileReference; lastKnownFileType = text.xml; path = tdnetview.entitlements; sourceTree = "<group>"; };
		89BF9EC11CA282AB00126B8F /* SwiftyJSON.swift */ = {isa = PBXFileReference; fileEncoding = 4; lastKnownFileType = sourcecode.swift; path = SwiftyJSON.swift; sourceTree = "<group>"; };
		89C9D0731CA4A8AB00FD692B /* Regexp.swift */ = {isa = PBXFileReference; fileEncoding = 4; lastKnownFileType = sourcecode.swift; path = Regexp.swift; sourceTree = "<group>"; };
		89C9D0751CA4A8CF00FD692B /* TDnetRegx.swift */ = {isa = PBXFileReference; fileEncoding = 4; lastKnownFileType = sourcecode.swift; path = TDnetRegx.swift; sourceTree = "<group>"; };
		89C9D0771CA4A9A200FD692B /* CustomTableViewCell.swift */ = {isa = PBXFileReference; fileEncoding = 4; lastKnownFileType = sourcecode.swift; path = CustomTableViewCell.swift; sourceTree = "<group>"; };
		89C9D07B1CA567B900FD692B /* HttpGetTask.swift */ = {isa = PBXFileReference; fileEncoding = 4; lastKnownFileType = sourcecode.swift; path = HttpGetTask.swift; sourceTree = "<group>"; };
		89C9D07D1CA61DBA00FD692B /* Mark.swift */ = {isa = PBXFileReference; fileEncoding = 4; lastKnownFileType = sourcecode.swift; path = Mark.swift; sourceTree = "<group>"; };
		89C9D07F1CA6C49B00FD692B /* MarkViewController.swift */ = {isa = PBXFileReference; fileEncoding = 4; lastKnownFileType = sourcecode.swift; path = MarkViewController.swift; sourceTree = "<group>"; };
		89FB4E641CD4454F009B2B79 /* GoogleService-Info.plist */ = {isa = PBXFileReference; fileEncoding = 4; lastKnownFileType = text.plist.xml; path = "GoogleService-Info.plist"; sourceTree = SOURCE_ROOT; };
		89FB4E661CD44627009B2B79 /* BridgeHeader.h */ = {isa = PBXFileReference; lastKnownFileType = sourcecode.c.h; path = BridgeHeader.h; sourceTree = "<group>"; };
		AE5E1E0AB5FB603187406FB8 /* libPods-tdnetview.a */ = {isa = PBXFileReference; explicitFileType = archive.ar; includeInIndex = 0; path = "libPods-tdnetview.a"; sourceTree = BUILT_PRODUCTS_DIR; };
/* End PBXFileReference section */

/* Begin PBXFrameworksBuildPhase section */
		89ACACCE1AD8D7E900AAF967 /* Frameworks */ = {
			isa = PBXFrameworksBuildPhase;
			buildActionMask = 2147483647;
			files = (
				8981392F1CAF935F0098C728 /* iAd.framework in Frameworks */,
				9F7D4787A907501F0A428401 /* libPods-tdnetview.a in Frameworks */,
			);
			runOnlyForDeploymentPostprocessing = 0;
		};
		89ACACE51AD8D7E900AAF967 /* Frameworks */ = {
			isa = PBXFrameworksBuildPhase;
			buildActionMask = 2147483647;
			files = (
			);
			runOnlyForDeploymentPostprocessing = 0;
		};
/* End PBXFrameworksBuildPhase section */

/* Begin PBXGroup section */
		8574ECD8DD6624B606018505 /* Frameworks */ = {
			isa = PBXGroup;
			children = (
				AE5E1E0AB5FB603187406FB8 /* libPods-tdnetview.a */,
			);
			name = Frameworks;
			sourceTree = "<group>";
		};
		89ACACC81AD8D7E800AAF967 = {
			isa = PBXGroup;
			children = (
				8981392E1CAF935F0098C728 /* iAd.framework */,
				89ACACD31AD8D7E900AAF967 /* tdnetview */,
				89ACACEB1AD8D7E900AAF967 /* tdnetviewTests */,
				89ACACD21AD8D7E900AAF967 /* Products */,
				BF43D8E4E4B2FC5313DB2643 /* Pods */,
				8574ECD8DD6624B606018505 /* Frameworks */,
			);
			sourceTree = "<group>";
		};
		89ACACD21AD8D7E900AAF967 /* Products */ = {
			isa = PBXGroup;
			children = (
				89ACACD11AD8D7E900AAF967 /* tdnetview.app */,
				89ACACE81AD8D7E900AAF967 /* tdnetviewTests.xctest */,
			);
			name = Products;
			sourceTree = "<group>";
		};
		89ACACD31AD8D7E900AAF967 /* tdnetview */ = {
			isa = PBXGroup;
			children = (
				898139361CAF961A0098C728 /* logo_image.png */,
				898139301CAF942B0098C728 /* RecentViewController.swift */,
				89FB4E661CD44627009B2B79 /* BridgeHeader.h */,
				898139311CAF942B0098C728 /* SearchViewController.swift */,
				89BF9EC11CA282AB00126B8F /* SwiftyJSON.swift */,
				89ACACF81AD8DD0B00AAF967 /* tdnetview.entitlements */,
				89ACACD61AD8D7E900AAF967 /* AppDelegate.swift */,
				89C9D0751CA4A8CF00FD692B /* TDnetRegx.swift */,
				89C9D07F1CA6C49B00FD692B /* MarkViewController.swift */,
				89ACACDC1AD8D7E900AAF967 /* Main.storyboard */,
				89ACACDF1AD8D7E900AAF967 /* Images.xcassets */,
				89ACACE11AD8D7E900AAF967 /* LaunchScreen.xib */,
				89ACACD41AD8D7E900AAF967 /* Supporting Files */,
				89C9D0731CA4A8AB00FD692B /* Regexp.swift */,
				89C9D0771CA4A9A200FD692B /* CustomTableViewCell.swift */,
				89C9D07B1CA567B900FD692B /* HttpGetTask.swift */,
				89C9D07D1CA61DBA00FD692B /* Mark.swift */,
			);
			path = tdnetview;
			sourceTree = "<group>";
		};
		89ACACD41AD8D7E900AAF967 /* Supporting Files */ = {
			isa = PBXGroup;
			children = (
				89FB4E641CD4454F009B2B79 /* GoogleService-Info.plist */,
				89ACACD51AD8D7E900AAF967 /* Info.plist */,
			);
			name = "Supporting Files";
			sourceTree = "<group>";
		};
		89ACACEB1AD8D7E900AAF967 /* tdnetviewTests */ = {
			isa = PBXGroup;
			children = (
				89ACACEE1AD8D7E900AAF967 /* tdnetviewTests.swift */,
				89ACACEC1AD8D7E900AAF967 /* Supporting Files */,
			);
			path = tdnetviewTests;
			sourceTree = "<group>";
		};
		89ACACEC1AD8D7E900AAF967 /* Supporting Files */ = {
			isa = PBXGroup;
			children = (
				89ACACED1AD8D7E900AAF967 /* Info.plist */,
			);
			name = "Supporting Files";
			sourceTree = "<group>";
		};
		BF43D8E4E4B2FC5313DB2643 /* Pods */ = {
			isa = PBXGroup;
			children = (
				05779E3FE49326E419E3F99D /* Pods-tdnetview.debug.xcconfig */,
				84FBCA881E54669794052DBA /* Pods-tdnetview.release.xcconfig */,
			);
			name = Pods;
			sourceTree = "<group>";
		};
/* End PBXGroup section */

/* Begin PBXNativeTarget section */
		89ACACD01AD8D7E900AAF967 /* tdnetview */ = {
			isa = PBXNativeTarget;
			buildConfigurationList = 89ACACF21AD8D7E900AAF967 /* Build configuration list for PBXNativeTarget "tdnetview" */;
			buildPhases = (
				6F2CEE55A06C0D8331590945 /* Check Pods Manifest.lock */,
				89ACACCD1AD8D7E900AAF967 /* Sources */,
				89ACACCE1AD8D7E900AAF967 /* Frameworks */,
				89ACACCF1AD8D7E900AAF967 /* Resources */,
				4BB082117081C4C12887E747 /* Embed Pods Frameworks */,
				C181ADC0458D4BF5DFB4D614 /* Copy Pods Resources */,
			);
			buildRules = (
			);
			dependencies = (
			);
			name = tdnetview;
			productName = tdnetview;
			productReference = 89ACACD11AD8D7E900AAF967 /* tdnetview.app */;
			productType = "com.apple.product-type.application";
		};
		89ACACE71AD8D7E900AAF967 /* tdnetviewTests */ = {
			isa = PBXNativeTarget;
			buildConfigurationList = 89ACACF51AD8D7E900AAF967 /* Build configuration list for PBXNativeTarget "tdnetviewTests" */;
			buildPhases = (
				89ACACE41AD8D7E900AAF967 /* Sources */,
				89ACACE51AD8D7E900AAF967 /* Frameworks */,
				89ACACE61AD8D7E900AAF967 /* Resources */,
			);
			buildRules = (
			);
			dependencies = (
				89ACACEA1AD8D7E900AAF967 /* PBXTargetDependency */,
			);
			name = tdnetviewTests;
			productName = tdnetviewTests;
			productReference = 89ACACE81AD8D7E900AAF967 /* tdnetviewTests.xctest */;
			productType = "com.apple.product-type.bundle.unit-test";
		};
/* End PBXNativeTarget section */

/* Begin PBXProject section */
		89ACACC91AD8D7E800AAF967 /* Project object */ = {
			isa = PBXProject;
			attributes = {
				LastSwiftMigration = 0700;
				LastSwiftUpdateCheck = 0700;
				LastUpgradeCheck = 0730;
				ORGANIZATIONNAME = abars;
				TargetAttributes = {
					89ACACD01AD8D7E900AAF967 = {
						CreatedOnToolsVersion = 6.3;
						DevelopmentTeam = 8HT39MV6J6;
						SystemCapabilities = {
							com.apple.BackgroundModes = {
								enabled = 1;
							};
							com.apple.SafariKeychain = {
								enabled = 0;
							};
						};
					};
					89ACACE71AD8D7E900AAF967 = {
						CreatedOnToolsVersion = 6.3;
						TestTargetID = 89ACACD01AD8D7E900AAF967;
					};
				};
			};
			buildConfigurationList = 89ACACCC1AD8D7E800AAF967 /* Build configuration list for PBXProject "tdnetview" */;
			compatibilityVersion = "Xcode 3.2";
			developmentRegion = English;
			hasScannedForEncodings = 0;
			knownRegions = (
				en,
				Base,
			);
			mainGroup = 89ACACC81AD8D7E800AAF967;
			productRefGroup = 89ACACD21AD8D7E900AAF967 /* Products */;
			projectDirPath = "";
			projectRoot = "";
			targets = (
				89ACACD01AD8D7E900AAF967 /* tdnetview */,
				89ACACE71AD8D7E900AAF967 /* tdnetviewTests */,
			);
		};
/* End PBXProject section */

/* Begin PBXResourcesBuildPhase section */
		89ACACCF1AD8D7E900AAF967 /* Resources */ = {
			isa = PBXResourcesBuildPhase;
			buildActionMask = 2147483647;
			files = (
				898139371CAF961A0098C728 /* logo_image.png in Resources */,
				89ACACDE1AD8D7E900AAF967 /* Main.storyboard in Resources */,
				89FB4E651CD4454F009B2B79 /* GoogleService-Info.plist in Resources */,
				89ACACE31AD8D7E900AAF967 /* LaunchScreen.xib in Resources */,
				89ACACE01AD8D7E900AAF967 /* Images.xcassets in Resources */,
			);
			runOnlyForDeploymentPostprocessing = 0;
		};
		89ACACE61AD8D7E900AAF967 /* Resources */ = {
			isa = PBXResourcesBuildPhase;
			buildActionMask = 2147483647;
			files = (
			);
			runOnlyForDeploymentPostprocessing = 0;
		};
/* End PBXResourcesBuildPhase section */

/* Begin PBXShellScriptBuildPhase section */
		4BB082117081C4C12887E747 /* Embed Pods Frameworks */ = {
			isa = PBXShellScriptBuildPhase;
			buildActionMask = 2147483647;
			files = (
			);
			inputPaths = (
			);
			name = "Embed Pods Frameworks";
			outputPaths = (
			);
			runOnlyForDeploymentPostprocessing = 0;
			shellPath = /bin/sh;
			shellScript = "\"${SRCROOT}/Pods/Target Support Files/Pods-tdnetview/Pods-tdnetview-frameworks.sh\"\n";
			showEnvVarsInLog = 0;
		};
		6F2CEE55A06C0D8331590945 /* Check Pods Manifest.lock */ = {
			isa = PBXShellScriptBuildPhase;
			buildActionMask = 2147483647;
			files = (
			);
			inputPaths = (
			);
			name = "Check Pods Manifest.lock";
			outputPaths = (
			);
			runOnlyForDeploymentPostprocessing = 0;
			shellPath = /bin/sh;
			shellScript = "diff \"${PODS_ROOT}/../Podfile.lock\" \"${PODS_ROOT}/Manifest.lock\" > /dev/null\nif [[ $? != 0 ]] ; then\n    cat << EOM\nerror: The sandbox is not in sync with the Podfile.lock. Run 'pod install' or update your CocoaPods installation.\nEOM\n    exit 1\nfi\n";
			showEnvVarsInLog = 0;
		};
		C181ADC0458D4BF5DFB4D614 /* Copy Pods Resources */ = {
			isa = PBXShellScriptBuildPhase;
			buildActionMask = 2147483647;
			files = (
			);
			inputPaths = (
			);
			name = "Copy Pods Resources";
			outputPaths = (
			);
			runOnlyForDeploymentPostprocessing = 0;
			shellPath = /bin/sh;
			shellScript = "\"${SRCROOT}/Pods/Target Support Files/Pods-tdnetview/Pods-tdnetview-resources.sh\"\n";
			showEnvVarsInLog = 0;
		};
/* End PBXShellScriptBuildPhase section */

/* Begin PBXSourcesBuildPhase section */
		89ACACCD1AD8D7E900AAF967 /* Sources */ = {
			isa = PBXSourcesBuildPhase;
			buildActionMask = 2147483647;
			files = (
				89C9D0741CA4A8AB00FD692B /* Regexp.swift in Sources */,
				89C9D0761CA4A8CF00FD692B /* TDnetRegx.swift in Sources */,
				898139321CAF942B0098C728 /* RecentViewController.swift in Sources */,
				89C9D07E1CA61DBA00FD692B /* Mark.swift in Sources */,
				89C9D0781CA4A9A200FD692B /* CustomTableViewCell.swift in Sources */,
				898139331CAF942B0098C728 /* SearchViewController.swift in Sources */,
				89ACACD71AD8D7E900AAF967 /* AppDelegate.swift in Sources */,
				89C9D0801CA6C49B00FD692B /* MarkViewController.swift in Sources */,
				89BF9EC21CA282AB00126B8F /* SwiftyJSON.swift in Sources */,
				89C9D07C1CA567B900FD692B /* HttpGetTask.swift in Sources */,
			);
			runOnlyForDeploymentPostprocessing = 0;
		};
		89ACACE41AD8D7E900AAF967 /* Sources */ = {
			isa = PBXSourcesBuildPhase;
			buildActionMask = 2147483647;
			files = (
				89ACACEF1AD8D7E900AAF967 /* tdnetviewTests.swift in Sources */,
				89BF9EC31CA282AB00126B8F /* SwiftyJSON.swift in Sources */,
			);
			runOnlyForDeploymentPostprocessing = 0;
		};
/* End PBXSourcesBuildPhase section */

/* Begin PBXTargetDependency section */
		89ACACEA1AD8D7E900AAF967 /* PBXTargetDependency */ = {
			isa = PBXTargetDependency;
			target = 89ACACD01AD8D7E900AAF967 /* tdnetview */;
			targetProxy = 89ACACE91AD8D7E900AAF967 /* PBXContainerItemProxy */;
		};
/* End PBXTargetDependency section */

/* Begin PBXVariantGroup section */
		89ACACDC1AD8D7E900AAF967 /* Main.storyboard */ = {
			isa = PBXVariantGroup;
			children = (
				89ACACDD1AD8D7E900AAF967 /* Base */,
			);
			name = Main.storyboard;
			sourceTree = "<group>";
		};
		89ACACE11AD8D7E900AAF967 /* LaunchScreen.xib */ = {
			isa = PBXVariantGroup;
			children = (
				89ACACE21AD8D7E900AAF967 /* Base */,
			);
			name = LaunchScreen.xib;
			sourceTree = "<group>";
		};
/* End PBXVariantGroup section */

/* Begin XCBuildConfiguration section */
		89ACACF01AD8D7E900AAF967 /* Debug */ = {
			isa = XCBuildConfiguration;
			buildSettings = {
				ALWAYS_SEARCH_USER_PATHS = NO;
				CLANG_CXX_LANGUAGE_STANDARD = "gnu++0x";
				CLANG_CXX_LIBRARY = "libc++";
				CLANG_ENABLE_MODULES = YES;
				CLANG_ENABLE_OBJC_ARC = YES;
				CLANG_WARN_BOOL_CONVERSION = YES;
				CLANG_WARN_CONSTANT_CONVERSION = YES;
				CLANG_WARN_DIRECT_OBJC_ISA_USAGE = YES_ERROR;
				CLANG_WARN_EMPTY_BODY = YES;
				CLANG_WARN_ENUM_CONVERSION = YES;
				CLANG_WARN_INT_CONVERSION = YES;
				CLANG_WARN_OBJC_ROOT_CLASS = YES_ERROR;
				CLANG_WARN_UNREACHABLE_CODE = YES;
				CLANG_WARN__DUPLICATE_METHOD_MATCH = YES;
				"CODE_SIGN_IDENTITY[sdk=iphoneos*]" = "iPhone Developer";
				COPY_PHASE_STRIP = NO;
				DEBUG_INFORMATION_FORMAT = "dwarf-with-dsym";
				ENABLE_STRICT_OBJC_MSGSEND = YES;
				ENABLE_TESTABILITY = YES;
				GCC_C_LANGUAGE_STANDARD = gnu99;
				GCC_DYNAMIC_NO_PIC = NO;
				GCC_NO_COMMON_BLOCKS = YES;
				GCC_OPTIMIZATION_LEVEL = 0;
				GCC_PREPROCESSOR_DEFINITIONS = (
					"DEBUG=1",
					"$(inherited)",
				);
				GCC_SYMBOLS_PRIVATE_EXTERN = NO;
				GCC_WARN_64_TO_32_BIT_CONVERSION = YES;
				GCC_WARN_ABOUT_RETURN_TYPE = YES_ERROR;
				GCC_WARN_UNDECLARED_SELECTOR = YES;
				GCC_WARN_UNINITIALIZED_AUTOS = YES_AGGRESSIVE;
				GCC_WARN_UNUSED_FUNCTION = YES;
				GCC_WARN_UNUSED_VARIABLE = YES;
				IPHONEOS_DEPLOYMENT_TARGET = 8.3;
				MTL_ENABLE_DEBUG_INFO = YES;
				ONLY_ACTIVE_ARCH = YES;
				SDKROOT = iphoneos;
				SWIFT_OPTIMIZATION_LEVEL = "-Onone";
				SWIFT_VERSION = 2.3;
				TARGETED_DEVICE_FAMILY = "1,2";
			};
			name = Debug;
		};
		89ACACF11AD8D7E900AAF967 /* Release */ = {
			isa = XCBuildConfiguration;
			buildSettings = {
				ALWAYS_SEARCH_USER_PATHS = NO;
				CLANG_CXX_LANGUAGE_STANDARD = "gnu++0x";
				CLANG_CXX_LIBRARY = "libc++";
				CLANG_ENABLE_MODULES = YES;
				CLANG_ENABLE_OBJC_ARC = YES;
				CLANG_WARN_BOOL_CONVERSION = YES;
				CLANG_WARN_CONSTANT_CONVERSION = YES;
				CLANG_WARN_DIRECT_OBJC_ISA_USAGE = YES_ERROR;
				CLANG_WARN_EMPTY_BODY = YES;
				CLANG_WARN_ENUM_CONVERSION = YES;
				CLANG_WARN_INT_CONVERSION = YES;
				CLANG_WARN_OBJC_ROOT_CLASS = YES_ERROR;
				CLANG_WARN_UNREACHABLE_CODE = YES;
				CLANG_WARN__DUPLICATE_METHOD_MATCH = YES;
				"CODE_SIGN_IDENTITY[sdk=iphoneos*]" = "iPhone Developer";
				COPY_PHASE_STRIP = NO;
				DEBUG_INFORMATION_FORMAT = "dwarf-with-dsym";
				ENABLE_NS_ASSERTIONS = NO;
				ENABLE_STRICT_OBJC_MSGSEND = YES;
				GCC_C_LANGUAGE_STANDARD = gnu99;
				GCC_NO_COMMON_BLOCKS = YES;
				GCC_WARN_64_TO_32_BIT_CONVERSION = YES;
				GCC_WARN_ABOUT_RETURN_TYPE = YES_ERROR;
				GCC_WARN_UNDECLARED_SELECTOR = YES;
				GCC_WARN_UNINITIALIZED_AUTOS = YES_AGGRESSIVE;
				GCC_WARN_UNUSED_FUNCTION = YES;
				GCC_WARN_UNUSED_VARIABLE = YES;
				IPHONEOS_DEPLOYMENT_TARGET = 8.3;
				MTL_ENABLE_DEBUG_INFO = NO;
				SDKROOT = iphoneos;
				SWIFT_VERSION = 2.3;
				TARGETED_DEVICE_FAMILY = "1,2";
				VALIDATE_PRODUCT = YES;
			};
			name = Release;
		};
		89ACACF31AD8D7E900AAF967 /* Debug */ = {
			isa = XCBuildConfiguration;
			baseConfigurationReference = 05779E3FE49326E419E3F99D /* Pods-tdnetview.debug.xcconfig */;
			buildSettings = {
				ASSETCATALOG_COMPILER_APPICON_NAME = AppIcon;
				CODE_SIGN_IDENTITY = "iPhone Developer";
				"CODE_SIGN_IDENTITY[sdk=iphoneos*]" = "iPhone Developer";
				INFOPLIST_FILE = tdnetview/Info.plist;
				IPHONEOS_DEPLOYMENT_TARGET = 9.0;
				LD_RUNPATH_SEARCH_PATHS = "$(inherited) @executable_path/Frameworks";
				PRODUCT_BUNDLE_IDENTIFIER = "biz.abars.$(PRODUCT_NAME:rfc1034identifier)";
				PRODUCT_NAME = "$(TARGET_NAME)";
				PROVISIONING_PROFILE = "";
				SWIFT_OBJC_BRIDGING_HEADER = tdnetview/BridgeHeader.h;
			};
			name = Debug;
		};
		89ACACF41AD8D7E900AAF967 /* Release */ = {
			isa = XCBuildConfiguration;
			baseConfigurationReference = 84FBCA881E54669794052DBA /* Pods-tdnetview.release.xcconfig */;
			buildSettings = {
				ASSETCATALOG_COMPILER_APPICON_NAME = AppIcon;
				CODE_SIGN_IDENTITY = "iPhone Developer";
				"CODE_SIGN_IDENTITY[sdk=iphoneos*]" = "iPhone Developer";
				INFOPLIST_FILE = tdnetview/Info.plist;
				IPHONEOS_DEPLOYMENT_TARGET = 9.0;
				LD_RUNPATH_SEARCH_PATHS = "$(inherited) @executable_path/Frameworks";
				PRODUCT_BUNDLE_IDENTIFIER = "biz.abars.$(PRODUCT_NAME:rfc1034identifier)";
				PRODUCT_NAME = "$(TARGET_NAME)";
				PROVISIONING_PROFILE = "";
				SWIFT_OBJC_BRIDGING_HEADER = tdnetview/BridgeHeader.h;
			};
			name = Release;
		};
		89ACACF61AD8D7E900AAF967 /* Debug */ = {
			isa = XCBuildConfiguration;
			buildSettings = {
				BUNDLE_LOADER = "$(TEST_HOST)";
				FRAMEWORK_SEARCH_PATHS = (
					"$(SDKROOT)/Developer/Library/Frameworks",
					"$(inherited)",
				);
				GCC_PREPROCESSOR_DEFINITIONS = (
					"DEBUG=1",
					"$(inherited)",
				);
				INFOPLIST_FILE = tdnetviewTests/Info.plist;
				LD_RUNPATH_SEARCH_PATHS = "$(inherited) @executable_path/Frameworks @loader_path/Frameworks";
				PRODUCT_BUNDLE_IDENTIFIER = "biz.abars.$(PRODUCT_NAME:rfc1034identifier)";
				PRODUCT_NAME = "$(TARGET_NAME)";
				TEST_HOST = "$(BUILT_PRODUCTS_DIR)/tdnetview.app/tdnetview";
			};
			name = Debug;
		};
		89ACACF71AD8D7E900AAF967 /* Release */ = {
			isa = XCBuildConfiguration;
			buildSettings = {
				BUNDLE_LOADER = "$(TEST_HOST)";
				FRAMEWORK_SEARCH_PATHS = (
					"$(SDKROOT)/Developer/Library/Frameworks",
					"$(inherited)",
				);
				INFOPLIST_FILE = tdnetviewTests/Info.plist;
				LD_RUNPATH_SEARCH_PATHS = "$(inherited) @executable_path/Frameworks @loader_path/Frameworks";
				PRODUCT_BUNDLE_IDENTIFIER = "biz.abars.$(PRODUCT_NAME:rfc1034identifier)";
				PRODUCT_NAME = "$(TARGET_NAME)";
				TEST_HOST = "$(BUILT_PRODUCTS_DIR)/tdnetview.app/tdnetview";
			};
			name = Release;
		};
/* End XCBuildConfiguration section */

/* Begin XCConfigurationList section */
		89ACACCC1AD8D7E800AAF967 /* Build configuration list for PBXProject "tdnetview" */ = {
			isa = XCConfigurationList;
			buildConfigurations = (
				89ACACF01AD8D7E900AAF967 /* Debug */,
				89ACACF11AD8D7E900AAF967 /* Release */,
			);
			defaultConfigurationIsVisible = 0;
			defaultConfigurationName = Release;
		};
		89ACACF21AD8D7E900AAF967 /* Build configuration list for PBXNativeTarget "tdnetview" */ = {
			isa = XCConfigurationList;
			buildConfigurations = (
				89ACACF31AD8D7E900AAF967 /* Debug */,
				89ACACF41AD8D7E900AAF967 /* Release */,
			);
			defaultConfigurationIsVisible = 0;
			defaultConfigurationName = Release;
		};
		89ACACF51AD8D7E900AAF967 /* Build configuration list for PBXNativeTarget "tdnetviewTests" */ = {
			isa = XCConfigurationList;
			buildConfigurations = (
				89ACACF61AD8D7E900AAF967 /* Debug */,
				89ACACF71AD8D7E900AAF967 /* Release */,
			);
			defaultConfigurationIsVisible = 0;
			defaultConfigurationName = Release;
		};
/* End XCConfigurationList section */
	};
	rootObject = 89ACACC91AD8D7E800AAF967 /* Project object */;
}
